{
  "originHash" : "ae79a61e62be210b10adab32f36979d8d6ce5486890a65d4a22dcd79fc1cfc3a",
  "pins" : [
    {
      "identity" : "roboflow-swift",
      "kind" : "remoteSourceControl",
      "location" : "https://github.com/roboflow/roboflow-swift.git",
      "state" : {
        "revision" : "23eff7f182b0e7d332f7088aafc3582cf91330ac",
        "version" : "1.2.3"
      }
    }
  ],
  "version" : 3
}
