{
  "originHash" : "ae79a61e62be210b10adab32f36979d8d6ce5486890a65d4a22dcd79fc1cfc3a",
  "pins" : [
    {
      "identity" : "roboflow-swift",
      "kind" : "remoteSourceControl",
      "location" : "https://github.com/roboflow/roboflow-swift.git",
      "state" : {
        "branch" : "add-rfdetr",
        "revision" : "a06c3d1146d179ed5fac12da873a29c65f2edc83"
      }
    }
  ],
  "version" : 3
}
